
Microsoft Visual Studio Solution File, Format Version 12.00
Project("{FAE04EC0-301F-11D3-BF4B-00C04F79EFBC}") = "Csharp.Controller.Api", "Csharp.Controller.Api\Csharp.Controller.Api.csproj", "{16073197-5C4F-458F-8D9D-94D5BD6B6CAA}"
EndProject
Project("{FAE04EC0-301F-11D3-BF4B-00C04F79EFBC}") = "Csharp.Minimal.Api", "Csharp.Minimal.Api\Csharp.Minimal.Api.csproj", "{B4697572-2E1E-4648-B174-6ADEC1AC77AB}"
EndProject
Project("{F2A71F9B-5D33-465A-A702-920D77279786}") = "Fsharp.Controller.Api", "Fsharp.Controller.Api\Fsharp.Controller.Api.fsproj", "{27F1AA38-8D58-49E5-9DCD-A5236CDC9A26}"
EndProject
Global
	GlobalSection(SolutionConfigurationPlatforms) = preSolution
		Debug|Any CPU = Debug|Any CPU
		Release|Any CPU = Release|Any CPU
	EndGlobalSection
	GlobalSection(ProjectConfigurationPlatforms) = postSolution
		{16073197-5C4F-458F-8D9D-94D5BD6B6CAA}.Debug|Any CPU.ActiveCfg = Debug|Any CPU
		{16073197-5C4F-458F-8D9D-94D5BD6B6CAA}.Debug|Any CPU.Build.0 = Debug|Any CPU
		{16073197-5C4F-458F-8D9D-94D5BD6B6CAA}.Release|Any CPU.ActiveCfg = Release|Any CPU
		{16073197-5C4F-458F-8D9D-94D5BD6B6CAA}.Release|Any CPU.Build.0 = Release|Any CPU
		{B4697572-2E1E-4648-B174-6ADEC1AC77AB}.Debug|Any CPU.ActiveCfg = Debug|Any CPU
		{B4697572-2E1E-4648-B174-6ADEC1AC77AB}.Debug|Any CPU.Build.0 = Debug|Any CPU
		{B4697572-2E1E-4648-B174-6ADEC1AC77AB}.Release|Any CPU.ActiveCfg = Release|Any CPU
		{B4697572-2E1E-4648-B174-6ADEC1AC77AB}.Release|Any CPU.Build.0 = Release|Any CPU
		{27F1AA38-8D58-49E5-9DCD-A5236CDC9A26}.Debug|Any CPU.ActiveCfg = Debug|Any CPU
		{27F1AA38-8D58-49E5-9DCD-A5236CDC9A26}.Debug|Any CPU.Build.0 = Debug|Any CPU
		{27F1AA38-8D58-49E5-9DCD-A5236CDC9A26}.Release|Any CPU.ActiveCfg = Release|Any CPU
		{27F1AA38-8D58-49E5-9DCD-A5236CDC9A26}.Release|Any CPU.Build.0 = Release|Any CPU
	EndGlobalSection
EndGlobal
